
Microsoft Visual Studio Solution File, Format Version 12.00
# Visual Studio Version 17
VisualStudioVersion = 17.5.33516.290
MinimumVisualStudioVersion = 10.0.40219.1
Project("{FAE04EC0-301F-11D3-BF4B-00C04F79EFBC}") = "StockBest", "StockBest\StockBest.csproj", "{59EF2597-5F9D-4E86-9040-2EE4C6E0F142}"
EndProject
Global
	GlobalSection(SolutionConfigurationPlatforms) = preSolution
		Debug|Any CPU = Debug|Any CPU
		Release|Any CPU = Release|Any CPU
	EndGlobalSection
	GlobalSection(ProjectConfigurationPlatforms) = postSolution
		{59EF2597-5F9D-4E86-9040-2EE4C6E0F142}.Debug|Any CPU.ActiveCfg = Debug|Any CPU
		{59EF2597-5F9D-4E86-9040-2EE4C6E0F142}.Debug|Any CPU.Build.0 = Debug|Any CPU
		{59EF2597-5F9D-4E86-9040-2EE4C6E0F142}.Release|Any CPU.ActiveCfg = Release|Any CPU
		{59EF2597-5F9D-4E86-9040-2EE4C6E0F142}.Release|Any CPU.Build.0 = Release|Any CPU
	EndGlobalSection
	GlobalSection(SolutionProperties) = preSolution
		HideSolutionNode = FALSE
	EndGlobalSection
	GlobalSection(ExtensibilityGlobals) = postSolution
		SolutionGuid = {043512E0-D712-49AD-ABC1-27C5DF78145A}
	EndGlobalSection
EndGlobal
