
Microsoft Visual Studio Solution File, Format Version 12.00
# Visual Studio Version 17
VisualStudioVersion = 17.5.33516.290
MinimumVisualStudioVersion = 10.0.40219.1
Project("{FAE04EC0-301F-11D3-BF4B-00C04F79EFBC}") = "MaxWater", "MaxWater\MaxWater.csproj", "{67AC0530-9972-4A81-B01C-5DCBC74EB73B}"
EndProject
Global
	GlobalSection(SolutionConfigurationPlatforms) = preSolution
		Debug|Any CPU = Debug|Any CPU
		Release|Any CPU = Release|Any CPU
	EndGlobalSection
	GlobalSection(ProjectConfigurationPlatforms) = postSolution
		{67AC0530-9972-4A81-B01C-5DCBC74EB73B}.Debug|Any CPU.ActiveCfg = Debug|Any CPU
		{67AC0530-9972-4A81-B01C-5DCBC74EB73B}.Debug|Any CPU.Build.0 = Debug|Any CPU
		{67AC0530-9972-4A81-B01C-5DCBC74EB73B}.Release|Any CPU.ActiveCfg = Release|Any CPU
		{67AC0530-9972-4A81-B01C-5DCBC74EB73B}.Release|Any CPU.Build.0 = Release|Any CPU
	EndGlobalSection
	GlobalSection(SolutionProperties) = preSolution
		HideSolutionNode = FALSE
	EndGlobalSection
	GlobalSection(ExtensibilityGlobals) = postSolution
		SolutionGuid = {D65B4C2A-18E5-4EBA-BCCF-FB0D450B0983}
	EndGlobalSection
EndGlobal
