
Microsoft Visual Studio Solution File, Format Version 12.00
# Visual Studio Version 17
VisualStudioVersion = 17.5.33516.290
MinimumVisualStudioVersion = 10.0.40219.1
Project("{FAE04EC0-301F-11D3-BF4B-00C04F79EFBC}") = "LongestPalindrome", "LongestPalindrome\LongestPalindrome.csproj", "{D5C323D3-6E0A-492C-B492-47B04257BF0D}"
EndProject
Global
	GlobalSection(SolutionConfigurationPlatforms) = preSolution
		Debug|Any CPU = Debug|Any CPU
		Release|Any CPU = Release|Any CPU
	EndGlobalSection
	GlobalSection(ProjectConfigurationPlatforms) = postSolution
		{D5C323D3-6E0A-492C-B492-47B04257BF0D}.Debug|Any CPU.ActiveCfg = Debug|Any CPU
		{D5C323D3-6E0A-492C-B492-47B04257BF0D}.Debug|Any CPU.Build.0 = Debug|Any CPU
		{D5C323D3-6E0A-492C-B492-47B04257BF0D}.Release|Any CPU.ActiveCfg = Release|Any CPU
		{D5C323D3-6E0A-492C-B492-47B04257BF0D}.Release|Any CPU.Build.0 = Release|Any CPU
	EndGlobalSection
	GlobalSection(SolutionProperties) = preSolution
		HideSolutionNode = FALSE
	EndGlobalSection
	GlobalSection(ExtensibilityGlobals) = postSolution
		SolutionGuid = {D41E759E-2882-4192-A038-2E6767568EA6}
	EndGlobalSection
EndGlobal
