
Microsoft Visual Studio Solution File, Format Version 12.00
# Visual Studio Version 17
VisualStudioVersion = 17.5.33516.290
MinimumVisualStudioVersion = 10.0.40219.1
Project("{FAE04EC0-301F-11D3-BF4B-00C04F79EFBC}") = "arrays", "arrays.csproj", "{96FBA65D-8F98-4692-99C5-12D2487DD1A5}"
EndProject
Global
	GlobalSection(SolutionConfigurationPlatforms) = preSolution
		Debug|Any CPU = Debug|Any CPU
		Release|Any CPU = Release|Any CPU
	EndGlobalSection
	GlobalSection(ProjectConfigurationPlatforms) = postSolution
		{96FBA65D-8F98-4692-99C5-12D2487DD1A5}.Debug|Any CPU.ActiveCfg = Debug|Any CPU
		{96FBA65D-8F98-4692-99C5-12D2487DD1A5}.Debug|Any CPU.Build.0 = Debug|Any CPU
		{96FBA65D-8F98-4692-99C5-12D2487DD1A5}.Release|Any CPU.ActiveCfg = Release|Any CPU
		{96FBA65D-8F98-4692-99C5-12D2487DD1A5}.Release|Any CPU.Build.0 = Release|Any CPU
	EndGlobalSection
	GlobalSection(SolutionProperties) = preSolution
		HideSolutionNode = FALSE
	EndGlobalSection
	GlobalSection(ExtensibilityGlobals) = postSolution
		SolutionGuid = {5FB0D1ED-CFCF-4E97-B3B4-EBC0CAE42B46}
	EndGlobalSection
EndGlobal
