
Microsoft Visual Studio Solution File, Format Version 12.00
# Visual Studio Version 17
VisualStudioVersion = 17.5.33516.290
MinimumVisualStudioVersion = 10.0.40219.1
Project("{FAE04EC0-301F-11D3-BF4B-00C04F79EFBC}") = "clases", "clases.csproj", "{A35FA373-28B3-4E61-9CFB-E9CCEFBF10ED}"
EndProject
Global
	GlobalSection(SolutionConfigurationPlatforms) = preSolution
		Debug|Any CPU = Debug|Any CPU
		Release|Any CPU = Release|Any CPU
	EndGlobalSection
	GlobalSection(ProjectConfigurationPlatforms) = postSolution
		{A35FA373-28B3-4E61-9CFB-E9CCEFBF10ED}.Debug|Any CPU.ActiveCfg = Debug|Any CPU
		{A35FA373-28B3-4E61-9CFB-E9CCEFBF10ED}.Debug|Any CPU.Build.0 = Debug|Any CPU
		{A35FA373-28B3-4E61-9CFB-E9CCEFBF10ED}.Release|Any CPU.ActiveCfg = Release|Any CPU
		{A35FA373-28B3-4E61-9CFB-E9CCEFBF10ED}.Release|Any CPU.Build.0 = Release|Any CPU
	EndGlobalSection
	GlobalSection(SolutionProperties) = preSolution
		HideSolutionNode = FALSE
	EndGlobalSection
	GlobalSection(ExtensibilityGlobals) = postSolution
		SolutionGuid = {58F703A1-6D9F-4371-87AC-51248A6040E2}
	EndGlobalSection
EndGlobal
