
Microsoft Visual Studio Solution File, Format Version 12.00
# Visual Studio Version 17
VisualStudioVersion = 17.5.33516.290
MinimumVisualStudioVersion = 10.0.40219.1
Project("{FAE04EC0-301F-11D3-BF4B-00C04F79EFBC}") = "BalanceBrackets", "BalanceBrackets.csproj", "{5FAAB97A-5CF5-42DD-8308-A988C30A4025}"
EndProject
Global
	GlobalSection(SolutionConfigurationPlatforms) = preSolution
		Debug|Any CPU = Debug|Any CPU
		Release|Any CPU = Release|Any CPU
	EndGlobalSection
	GlobalSection(ProjectConfigurationPlatforms) = postSolution
		{5FAAB97A-5CF5-42DD-8308-A988C30A4025}.Debug|Any CPU.ActiveCfg = Debug|Any CPU
		{5FAAB97A-5CF5-42DD-8308-A988C30A4025}.Debug|Any CPU.Build.0 = Debug|Any CPU
		{5FAAB97A-5CF5-42DD-8308-A988C30A4025}.Release|Any CPU.ActiveCfg = Release|Any CPU
		{5FAAB97A-5CF5-42DD-8308-A988C30A4025}.Release|Any CPU.Build.0 = Release|Any CPU
	EndGlobalSection
	GlobalSection(SolutionProperties) = preSolution
		HideSolutionNode = FALSE
	EndGlobalSection
	GlobalSection(ExtensibilityGlobals) = postSolution
		SolutionGuid = {62995167-F0AD-496B-AB11-5A848B1D4C1A}
	EndGlobalSection
EndGlobal
