
Microsoft Visual Studio Solution File, Format Version 12.00
# Visual Studio Version 17
VisualStudioVersion = 17.5.33516.290
MinimumVisualStudioVersion = 10.0.40219.1
Project("{FAE04EC0-301F-11D3-BF4B-00C04F79EFBC}") = "LongestPre", "LongestPre\LongestPre.csproj", "{BD73FAF0-C243-47BA-A2C4-9E6351028206}"
EndProject
Global
	GlobalSection(SolutionConfigurationPlatforms) = preSolution
		Debug|Any CPU = Debug|Any CPU
		Release|Any CPU = Release|Any CPU
	EndGlobalSection
	GlobalSection(ProjectConfigurationPlatforms) = postSolution
		{BD73FAF0-C243-47BA-A2C4-9E6351028206}.Debug|Any CPU.ActiveCfg = Debug|Any CPU
		{BD73FAF0-C243-47BA-A2C4-9E6351028206}.Debug|Any CPU.Build.0 = Debug|Any CPU
		{BD73FAF0-C243-47BA-A2C4-9E6351028206}.Release|Any CPU.ActiveCfg = Release|Any CPU
		{BD73FAF0-C243-47BA-A2C4-9E6351028206}.Release|Any CPU.Build.0 = Release|Any CPU
	EndGlobalSection
	GlobalSection(SolutionProperties) = preSolution
		HideSolutionNode = FALSE
	EndGlobalSection
	GlobalSection(ExtensibilityGlobals) = postSolution
		SolutionGuid = {E37305CF-151E-4035-92F1-14C05B10D977}
	EndGlobalSection
EndGlobal
