
Microsoft Visual Studio Solution File, Format Version 12.00
# Visual Studio Version 17
VisualStudioVersion = 17.5.33516.290
MinimumVisualStudioVersion = 10.0.40219.1
Project("{FAE04EC0-301F-11D3-BF4B-00C04F79EFBC}") = "3Sum", "3Sum\3Sum.csproj", "{CADE63BE-8228-42F2-A1E3-10D7A207BE58}"
EndProject
Global
	GlobalSection(SolutionConfigurationPlatforms) = preSolution
		Debug|Any CPU = Debug|Any CPU
		Release|Any CPU = Release|Any CPU
	EndGlobalSection
	GlobalSection(ProjectConfigurationPlatforms) = postSolution
		{CADE63BE-8228-42F2-A1E3-10D7A207BE58}.Debug|Any CPU.ActiveCfg = Debug|Any CPU
		{CADE63BE-8228-42F2-A1E3-10D7A207BE58}.Debug|Any CPU.Build.0 = Debug|Any CPU
		{CADE63BE-8228-42F2-A1E3-10D7A207BE58}.Release|Any CPU.ActiveCfg = Release|Any CPU
		{CADE63BE-8228-42F2-A1E3-10D7A207BE58}.Release|Any CPU.Build.0 = Release|Any CPU
	EndGlobalSection
	GlobalSection(SolutionProperties) = preSolution
		HideSolutionNode = FALSE
	EndGlobalSection
	GlobalSection(ExtensibilityGlobals) = postSolution
		SolutionGuid = {19C7ADE8-FC3C-47AA-A00C-456F1E9F7303}
	EndGlobalSection
EndGlobal
